
Microsoft Visual Studio Solution File, Format Version 12.00
# Visual Studio Version 16
VisualStudioVersion = 16.0.30225.117
MinimumVisualStudioVersion = 10.0.40219.1
Project("{FAE04EC0-301F-11D3-BF4B-00C04F79EFBC}") = "gRPCServer", "gRPCServer\gRPCServer.csproj", "{3EDD3C30-5977-473E-AF44-47459AAD5C60}"
EndProject
Project("{FAE04EC0-301F-11D3-BF4B-00C04F79EFBC}") = "gRPCClient", "gRPCClient\gRPCClient.csproj", "{85FF710D-9058-4CD7-9576-9085EB9EE73F}"
EndProject
Project("{2150E333-8FDC-42A3-9474-1A3956D46DE8}") = "Envoy", "Envoy", "{D899EAB8-360D-4EFB-9B83-74E235EBD4A8}"
EndProject
Project("{FAE04EC0-301F-11D3-BF4B-00C04F79EFBC}") = "CoffeeAPI", "Envoy\CoffeeAPI\CoffeeAPI.csproj", "{223CB898-9C55-425C-9D57-48B0FCC72A50}"
EndProject
Project("{FAE04EC0-301F-11D3-BF4B-00C04F79EFBC}") = "TeaAPI", "Envoy\TeaAPI\TeaAPI.csproj", "{BAE593D8-6F4D-46A8-9491-C098361FD386}"
EndProject
Global
	GlobalSection(SolutionConfigurationPlatforms) = preSolution
		Debug|Any CPU = Debug|Any CPU
		Release|Any CPU = Release|Any CPU
	EndGlobalSection
	GlobalSection(ProjectConfigurationPlatforms) = postSolution
		{3EDD3C30-5977-473E-AF44-47459AAD5C60}.Debug|Any CPU.ActiveCfg = Debug|Any CPU
		{3EDD3C30-5977-473E-AF44-47459AAD5C60}.Debug|Any CPU.Build.0 = Debug|Any CPU
		{3EDD3C30-5977-473E-AF44-47459AAD5C60}.Release|Any CPU.ActiveCfg = Release|Any CPU
		{3EDD3C30-5977-473E-AF44-47459AAD5C60}.Release|Any CPU.Build.0 = Release|Any CPU
		{85FF710D-9058-4CD7-9576-9085EB9EE73F}.Debug|Any CPU.ActiveCfg = Debug|Any CPU
		{85FF710D-9058-4CD7-9576-9085EB9EE73F}.Debug|Any CPU.Build.0 = Debug|Any CPU
		{85FF710D-9058-4CD7-9576-9085EB9EE73F}.Release|Any CPU.ActiveCfg = Release|Any CPU
		{85FF710D-9058-4CD7-9576-9085EB9EE73F}.Release|Any CPU.Build.0 = Release|Any CPU
		{223CB898-9C55-425C-9D57-48B0FCC72A50}.Debug|Any CPU.ActiveCfg = Debug|Any CPU
		{223CB898-9C55-425C-9D57-48B0FCC72A50}.Debug|Any CPU.Build.0 = Debug|Any CPU
		{223CB898-9C55-425C-9D57-48B0FCC72A50}.Release|Any CPU.ActiveCfg = Release|Any CPU
		{223CB898-9C55-425C-9D57-48B0FCC72A50}.Release|Any CPU.Build.0 = Release|Any CPU
		{BAE593D8-6F4D-46A8-9491-C098361FD386}.Debug|Any CPU.ActiveCfg = Debug|Any CPU
		{BAE593D8-6F4D-46A8-9491-C098361FD386}.Debug|Any CPU.Build.0 = Debug|Any CPU
		{BAE593D8-6F4D-46A8-9491-C098361FD386}.Release|Any CPU.ActiveCfg = Release|Any CPU
		{BAE593D8-6F4D-46A8-9491-C098361FD386}.Release|Any CPU.Build.0 = Release|Any CPU
	EndGlobalSection
	GlobalSection(SolutionProperties) = preSolution
		HideSolutionNode = FALSE
	EndGlobalSection
	GlobalSection(NestedProjects) = preSolution
		{223CB898-9C55-425C-9D57-48B0FCC72A50} = {D899EAB8-360D-4EFB-9B83-74E235EBD4A8}
		{BAE593D8-6F4D-46A8-9491-C098361FD386} = {D899EAB8-360D-4EFB-9B83-74E235EBD4A8}
	EndGlobalSection
	GlobalSection(ExtensibilityGlobals) = postSolution
		SolutionGuid = {3155F6F3-73B1-4F7A-84E9-CF4EE8413F6E}
	EndGlobalSection
EndGlobal
